schema: '2.0'
stages:
  load_data:
    cmd: python -m src.data_loading.load_data
    deps:
    - path: src/data_loading/load_data.py
      hash: md5
      md5: 78c5ca802672b0e9e4966b93fa1a4ea5
      size: 1484
    outs:
    - path: data/raw/raw.csv
      hash: md5
      md5: c3318bac5172c6bdb406241c63b10780
      size: 116187
  preprocess_data:
    cmd: python -m src.data_preprocessing.preprocess_data
    deps:
    - path: data/raw/raw.csv
      hash: md5
      md5: c3318bac5172c6bdb406241c63b10780
      size: 116187
    - path: src/data_preprocessing/preprocess_data.py
      hash: md5
      md5: 727f22f9650a9dfb2b1a217912d46034
      size: 3993
    params:
      params.yaml:
        preprocess_data.random_seed: 42
        preprocess_data.test_size: 0.2
    outs:
    - path: artifacts/[features]_mean_imputer.joblib
      hash: md5
      md5: f7ee52b000a088b59c557d886979ea77
      size: 1511
    - path: data/preprocessed/test_preprocessed.csv
      hash: md5
      md5: 8df9fe311a5fda057eb27f9d9028efc1
      size: 26872
    - path: data/preprocessed/train_preprocessed.csv
      hash: md5
      md5: 9d6521fe8502a5cd7a5132d7a7153d6f
      size: 105615
  engineer_features:
    cmd: python -m src.feature_engineering.engineer_features
    deps:
    - path: data/preprocessed/test_preprocessed.csv
      hash: md5
      md5: 8df9fe311a5fda057eb27f9d9028efc1
      size: 26872
    - path: data/preprocessed/train_preprocessed.csv
      hash: md5
      md5: 9d6521fe8502a5cd7a5132d7a7153d6f
      size: 105615
    - path: src/feature_engineering/engineer_features.py
      hash: md5
      md5: f8446b81a185b5c5d4b06fd60a3b9b9f
      size: 3052
    outs:
    - path: artifacts/[features]_scaler.joblib
      hash: md5
      md5: 119f161111a640a2a6bc5eee59a552f9
      size: 2135
    - path: data/processed/test_processed.csv
      hash: md5
      md5: 5d737600e9ce84891abe78072f39e070
      size: 67600
    - path: data/processed/train_processed.csv
      hash: md5
      md5: 186a05ea636c21d91c71adb0e52a6ae1
      size: 270202
  train:
    cmd: python -m src.model_training.train_model
    deps:
    - path: data/processed/train_processed.csv
      hash: md5
      md5: 186a05ea636c21d91c71adb0e52a6ae1
      size: 270202
    - path: src/model_training/train_model.py
      hash: md5
      md5: 16882d4d228f2794f649f09e0a9c36fc
      size: 5302
    params:
      params.yaml:
        train.batch_size: 16
        train.dropout_rate: 0.25
        train.epochs: 100
        train.hidden_layer_1_neurons: 64
        train.hidden_layer_2_neurons: 32
        train.learning_rate: 0.001
    outs:
    - path: artifacts/[target]_one_hot_encoder.joblib
      hash: md5
      md5: 9c68e41a114fdb0985121e8d89f055bc
      size: 617
    - path: metrics/training.json
      hash: md5
      md5: 68bf02e1635f94965e084a0da03d8b03
      size: 141
    - path: models/model.keras
      hash: md5
      md5: 54b8a10ed9c977eceae2c2aa40b2a140
      size: 79313
  evaluate:
    cmd: python -m src.model_evaluation.evaluate_model
    deps:
    - path: artifacts/[target]_one_hot_encoder.joblib
      hash: md5
      md5: 9c68e41a114fdb0985121e8d89f055bc
      size: 617
    - path: data/processed/test_processed.csv
      hash: md5
      md5: 5d737600e9ce84891abe78072f39e070
      size: 67600
    - path: models/model.keras
      hash: md5
      md5: 54b8a10ed9c977eceae2c2aa40b2a140
      size: 79313
    - path: src/model_evaluation/evaluate_model.py
      hash: md5
      md5: 1300021eeca5193c758efb74cfff4814
      size: 2514
    outs:
    - path: metrics/evaluation.json
      hash: md5
      md5: 5baea2c63137d04f5c31479201c7a91e
      size: 763
