schema: '2.0'
stages:
  load_data:
    cmd: python -m src.data_loading.load_data
    deps:
    - path: src/data_loading/load_data.py
      hash: md5
      md5: 9e8c529d0f17373ab41dbf114ad8b27b
      size: 1589
    outs:
    - path: data/raw/raw.csv
      hash: md5
      md5: 2236e963c8704b1bc17e2024e28452d7
      size: 116187
  preprocess_data:
    cmd: python -m src.data_preprocessing.preprocess_data
    deps:
    - path: data/raw/raw.csv
      hash: md5
      md5: 2236e963c8704b1bc17e2024e28452d7
      size: 116187
    - path: src/data_preprocessing/preprocess_data.py
      hash: md5
      md5: 699af27491b691da0c3bf02242fbfe7a
      size: 4034
    params:
      params.yaml:
        preprocess_data.random_seed: 42
        preprocess_data.test_size: 0.2
    outs:
    - path: artifacts/[features]_mean_imputer.joblib
      hash: md5
      md5: b99d6307aa4a87eda5d5838c65256b71
      size: 1511
    - path: data/preprocessed/test_preprocessed.csv
      hash: md5
      md5: 00b1a3c699a51c9d56ad00ab4298fc9f
      size: 27143
    - path: data/preprocessed/train_preprocessed.csv
      hash: md5
      md5: fcc0d09719388f5c1bdfed00b9c4ab3c
      size: 105518
  engineer_features:
    cmd: python -m src.feature_engineering.engineer_features
    deps:
    - path: data/preprocessed/test_preprocessed.csv
      hash: md5
      md5: 00b1a3c699a51c9d56ad00ab4298fc9f
      size: 27143
    - path: data/preprocessed/train_preprocessed.csv
      hash: md5
      md5: fcc0d09719388f5c1bdfed00b9c4ab3c
      size: 105518
    - path: src/feature_engineering/engineer_features.py
      hash: md5
      md5: 0ad72ca0690dd384a36fc3fbbf04d3ec
      size: 2827
    outs:
    - path: artifacts/[features]_scaler.joblib
      hash: md5
      md5: cd215098f4b4b0c161743bd4b5f91d08
      size: 2135
    - path: data/processed/test_processed.csv
      hash: md5
      md5: e3db17d2f3b2b2667cc54117ed899933
      size: 67524
    - path: data/processed/train_processed.csv
      hash: md5
      md5: d20221fc5b194391883f037626da15cc
      size: 268451
  train:
    cmd: python -m src.model_training.train_model
    deps:
    - path: data/processed/train_processed.csv
      hash: md5
      md5: d20221fc5b194391883f037626da15cc
      size: 268451
    - path: src/model_training/train_model.py
      hash: md5
      md5: 16882d4d228f2794f649f09e0a9c36fc
      size: 5302
    params:
      params.yaml:
        train.batch_size: 32
        train.dropout_rate: 0.3
        train.epochs: 100
        train.hidden_layer_1_neurons: 64
        train.hidden_layer_2_neurons: 32
        train.learning_rate: 0.001
    outs:
    - path: artifacts/[target]_one_hot_encoder.joblib
      hash: md5
      md5: 9c68e41a114fdb0985121e8d89f055bc
      size: 617
    - path: metrics/training.json
      hash: md5
      md5: d59011ece2a9c1b0ae77b0dd367b7b66
      size: 140
    - path: models/model.keras
      hash: md5
      md5: 99d14f0c082572a31ff14cbe75614645
      size: 79311
  evaluate:
    cmd: python -m src.model_evaluation.evaluate_model
    deps:
    - path: artifacts/[target]_one_hot_encoder.joblib
      hash: md5
      md5: 9c68e41a114fdb0985121e8d89f055bc
      size: 617
    - path: data/processed/test_processed.csv
      hash: md5
      md5: e3db17d2f3b2b2667cc54117ed899933
      size: 67524
    - path: models/model.keras
      hash: md5
      md5: 99d14f0c082572a31ff14cbe75614645
      size: 79311
    - path: src/model_evaluation/evaluate_model.py
      hash: md5
      md5: 1300021eeca5193c758efb74cfff4814
      size: 2514
    outs:
    - path: metrics/evaluation.json
      hash: md5
      md5: 6f116e7b8e687158ef5ec58374cd0b57
      size: 791
