schema: '2.0'
stages:
  load_data:
    cmd: python -m src.data_loading.load_data
    deps:
    - path: src/data_loading/load_data.py
      hash: md5
      md5: 78c5ca802672b0e9e4966b93fa1a4ea5
      size: 1484
    outs:
    - path: data/raw/raw.csv
      hash: md5
      md5: 3aebb0ab97f3e8c24fa02cc32da514bd
      size: 116187
  preprocess_data:
    cmd: python -m src.data_preprocessing.preprocess_data
    deps:
    - path: data/raw/raw.csv
      hash: md5
      md5: 3aebb0ab97f3e8c24fa02cc32da514bd
      size: 116187
    - path: src/data_preprocessing/preprocess_data.py
      hash: md5
      md5: 727f22f9650a9dfb2b1a217912d46034
      size: 3993
    params:
      params.yaml:
        preprocess_data.random_seed: 42
        preprocess_data.test_size: 0.2
    outs:
    - path: artifacts/[features]_mean_imputer.joblib
      hash: md5
      md5: 9be1167155e319d0c62ddde06b63ad49
      size: 1511
    - path: data/preprocessed/test_preprocessed.csv
      hash: md5
      md5: 695cc24601ad13287fe30401ff86bc63
      size: 27072
    - path: data/preprocessed/train_preprocessed.csv
      hash: md5
      md5: 648d9f010cc57d0691c4fb21f205bc80
      size: 105584
  engineer_features:
    cmd: python -m src.feature_engineering.engineer_features
    deps:
    - path: data/preprocessed/test_preprocessed.csv
      hash: md5
      md5: 695cc24601ad13287fe30401ff86bc63
      size: 27072
    - path: data/preprocessed/train_preprocessed.csv
      hash: md5
      md5: 648d9f010cc57d0691c4fb21f205bc80
      size: 105584
    - path: src/feature_engineering/engineer_features.py
      hash: md5
      md5: f8446b81a185b5c5d4b06fd60a3b9b9f
      size: 3052
    outs:
    - path: artifacts/[features]_scaler.joblib
      hash: md5
      md5: 2a67b01e105409e18e4d0b3d72922fd4
      size: 2135
    - path: data/processed/test_processed.csv
      hash: md5
      md5: 9e40d359992bb047fcf0a5dc933035eb
      size: 67799
    - path: data/processed/train_processed.csv
      hash: md5
      md5: 0c736998a0cf6c12eab213d2b15f5307
      size: 268783
  train:
    cmd: python -m src.model_training.train_model
    deps:
    - path: data/processed/train_processed.csv
      hash: md5
      md5: 0c736998a0cf6c12eab213d2b15f5307
      size: 268783
    - path: src/model_training/train_model.py
      hash: md5
      md5: 213946a23e01ac9b8327fe227b8bcc60
      size: 6825
    params:
      params.yaml:
        train.batch_size: 16
        train.dropout_rate: 0.25
        train.epochs: 100
        train.hidden_layer_1_neurons: 64
        train.hidden_layer_2_neurons: 32
        train.learning_rate: 0.001
    outs:
    - path: artifacts/[target]_one_hot_encoder.joblib
      hash: md5
      md5: 9c68e41a114fdb0985121e8d89f055bc
      size: 617
    - path: metrics/training.json
      hash: md5
      md5: 17b0b55271578b2c1de6b6d1533f133e
      size: 140
    - path: models/model.keras
      hash: md5
      md5: 1a19a0b2a4a6ed3763e1afa51e7ff96a
      size: 79313
  evaluate:
    cmd: python -m src.model_evaluation.evaluate_model
    deps:
    - path: artifacts/[target]_one_hot_encoder.joblib
      hash: md5
      md5: 9c68e41a114fdb0985121e8d89f055bc
      size: 617
    - path: data/processed/test_processed.csv
      hash: md5
      md5: 9e40d359992bb047fcf0a5dc933035eb
      size: 67799
    - path: models/model.keras
      hash: md5
      md5: 1a19a0b2a4a6ed3763e1afa51e7ff96a
      size: 79313
    - path: src/model_evaluation/evaluate_model.py
      hash: md5
      md5: db8d5164e445d87c388abfee95b16bd0
      size: 3289
    outs:
    - path: metrics/evaluation.json
      hash: md5
      md5: 4d569b1c8c946589890920cfd5ecb936
      size: 792
